
Microsoft Visual Studio Solution File, Format Version 12.00
# Visual Studio Version 16
VisualStudioVersion = 16.0.30320.27
MinimumVisualStudioVersion = 10.0.40219.1
Project("{9A19103F-16F7-4668-BE54-9A1E7A4F7556}") = "DankDitties", "DankDitties\DankDitties.csproj", "{90AF8B15-0A1F-40D8-A149-C332B0503A7F}"
EndProject
Project("{FAE04EC0-301F-11D3-BF4B-00C04F79EFBC}") = "ServerManagementCli", "ServerManagementCli\ServerManagementCli.csproj", "{D664EB89-EC26-483E-AAFA-0DB5430C1047}"
EndProject
Global
	GlobalSection(SolutionConfigurationPlatforms) = preSolution
		Debug|Any CPU = Debug|Any CPU
		Release|Any CPU = Release|Any CPU
	EndGlobalSection
	GlobalSection(ProjectConfigurationPlatforms) = postSolution
		{90AF8B15-0A1F-40D8-A149-C332B0503A7F}.Debug|Any CPU.ActiveCfg = Debug|Any CPU
		{90AF8B15-0A1F-40D8-A149-C332B0503A7F}.Debug|Any CPU.Build.0 = Debug|Any CPU
		{90AF8B15-0A1F-40D8-A149-C332B0503A7F}.Release|Any CPU.ActiveCfg = Release|Any CPU
		{90AF8B15-0A1F-40D8-A149-C332B0503A7F}.Release|Any CPU.Build.0 = Release|Any CPU
		{D664EB89-EC26-483E-AAFA-0DB5430C1047}.Debug|Any CPU.ActiveCfg = Debug|Any CPU
		{D664EB89-EC26-483E-AAFA-0DB5430C1047}.Debug|Any CPU.Build.0 = Debug|Any CPU
		{D664EB89-EC26-483E-AAFA-0DB5430C1047}.Release|Any CPU.ActiveCfg = Release|Any CPU
		{D664EB89-EC26-483E-AAFA-0DB5430C1047}.Release|Any CPU.Build.0 = Release|Any CPU
	EndGlobalSection
	GlobalSection(SolutionProperties) = preSolution
		HideSolutionNode = FALSE
	EndGlobalSection
	GlobalSection(ExtensibilityGlobals) = postSolution
		SolutionGuid = {87448D87-E74B-42AF-BAA3-1437584EB16A}
	EndGlobalSection
EndGlobal
